PODS:
  - Flutter (1.0.0)
  - phone_number (1.0.0):
    - Flutter
    - PhoneNumberKit (~> 4.2)
  - PhoneNumberKit (4.2.3):
    - PhoneNumberKit/PhoneNumberKitCore (= 4.2.3)
    - PhoneNumberKit/UIKit (= 4.2.3)
  - PhoneNumberKit/PhoneNumberKitCore (4.2.3)
  - PhoneNumberKit/UIKit (4.2.3):
    - PhoneNumberKit/PhoneNumberKitCore

DEPENDENCIES:
  - Flutter (from `Flutter`)
  - phone_number (from `.symlinks/plugins/phone_number/ios`)

SPEC REPOS:
  trunk:
    - PhoneNumberKit

EXTERNAL SOURCES:
  Flutter:
    :path: Flutter
  phone_number:
    :path: ".symlinks/plugins/phone_number/ios"

SPEC CHECKSUMS:
  Flutter: cabc95a1d2626b1b06e7179b784ebcf0c0cde467
  phone_number: 17c7caec73fee9fbcc9fc6fd1626f31376da7ee6
  PhoneNumberKit: d6b20eab1cdd77216e24f9b15878a78b69fb5a4d

PODFILE CHECKSUM: cc1f88378b4bfcf93a6ce00d2c587857c6008d3b

COCOAPODS: 1.16.2
