PODS:
  - Flutter (1.0.0)
  - phone_number (1.0.0):
    - Flutter
    - PhoneNumberKit (~> 4.0)
  - PhoneNumberKit (4.0.1):
    - PhoneNumberKit/PhoneNumberKitCore (= 4.0.1)
    - PhoneNumberKit/UIKit (= 4.0.1)
  - PhoneNumberKit/PhoneNumberKitCore (4.0.1)
  - PhoneNumberKit/UIKit (4.0.1):
    - PhoneNumberKit/PhoneNumberKitCore

DEPENDENCIES:
  - Flutter (from `Flutter`)
  - phone_number (from `.symlinks/plugins/phone_number/ios`)

SPEC REPOS:
  trunk:
    - PhoneNumberKit

EXTERNAL SOURCES:
  Flutter:
    :path: Flutter
  phone_number:
    :path: ".symlinks/plugins/phone_number/ios"

SPEC CHECKSUMS:
  Flutter: e0871f40cf51350855a761d2e70bf5af5b9b5de7
  phone_number: 44a2deac6c1b0769ce2529ac9ec31cf959126d87
  PhoneNumberKit: a74155066daa6450475f6a029068eb919fb00d5d

PODFILE CHECKSUM: 4e8f8b2be68aeea4c0d5beb6ff1e79fface1d048

COCOAPODS: 1.16.2
